
Microsoft Visual Studio Solution File, Format Version 12.00
# Visual Studio Version 16
VisualStudioVersion = 16.0.31424.327
MinimumVisualStudioVersion = 10.0.40219.1
Project("{FAE04EC0-301F-11D3-BF4B-00C04F79EFBC}") = "ConsoleStampa", "ConsoleStampa\ConsoleStampa.csproj", "{67FEBFF6-48D7-45F0-8157-6908B5D0024B}"
EndProject
Global
	GlobalSection(SolutionConfigurationPlatforms) = preSolution
		Debug|Any CPU = Debug|Any CPU
		Release|Any CPU = Release|Any CPU
	EndGlobalSection
	GlobalSection(ProjectConfigurationPlatforms) = postSolution
		{67FEBFF6-48D7-45F0-8157-6908B5D0024B}.Debug|Any CPU.ActiveCfg = Debug|Any CPU
		{67FEBFF6-48D7-45F0-8157-6908B5D0024B}.Debug|Any CPU.Build.0 = Debug|Any CPU
		{67FEBFF6-48D7-45F0-8157-6908B5D0024B}.Release|Any CPU.ActiveCfg = Release|Any CPU
		{67FEBFF6-48D7-45F0-8157-6908B5D0024B}.Release|Any CPU.Build.0 = Release|Any CPU
	EndGlobalSection
	GlobalSection(SolutionProperties) = preSolution
		HideSolutionNode = FALSE
	EndGlobalSection
	GlobalSection(ExtensibilityGlobals) = postSolution
		SolutionGuid = {20359853-173F-4A6D-8C9B-D456E6005785}
	EndGlobalSection
EndGlobal
